
Microsoft Visual Studio Solution File, Format Version 12.00
# Visual Studio 15
VisualStudioVersion = 15.0.28307.902
MinimumVisualStudioVersion = 10.0.40219.1
Project("{FAE04EC0-301F-11D3-BF4B-00C04F79EFBC}") = "FlyingBirdSimulator", "FlyingBirdSimulator\FlyingBirdSimulator.csproj", "{1B1E304D-4A93-4309-8FA7-DBC113C0CB28}"
EndProject
Project("{FAE04EC0-301F-11D3-BF4B-00C04F79EFBC}") = "PetersFlyingBirdSimulator", "PetersFlyingBirdSimulator\PetersFlyingBirdSimulator.csproj", "{F43ED84D-2B6B-4DCA-BD1A-649348CD8637}"
EndProject
Global
	GlobalSection(SolutionConfigurationPlatforms) = preSolution
		Debug|Any CPU = Debug|Any CPU
		Release|Any CPU = Release|Any CPU
	EndGlobalSection
	GlobalSection(ProjectConfigurationPlatforms) = postSolution
		{1B1E304D-4A93-4309-8FA7-DBC113C0CB28}.Debug|Any CPU.ActiveCfg = Debug|Any CPU
		{1B1E304D-4A93-4309-8FA7-DBC113C0CB28}.Debug|Any CPU.Build.0 = Debug|Any CPU
		{1B1E304D-4A93-4309-8FA7-DBC113C0CB28}.Release|Any CPU.ActiveCfg = Release|Any CPU
		{1B1E304D-4A93-4309-8FA7-DBC113C0CB28}.Release|Any CPU.Build.0 = Release|Any CPU
		{F43ED84D-2B6B-4DCA-BD1A-649348CD8637}.Debug|Any CPU.ActiveCfg = Debug|Any CPU
		{F43ED84D-2B6B-4DCA-BD1A-649348CD8637}.Debug|Any CPU.Build.0 = Debug|Any CPU
		{F43ED84D-2B6B-4DCA-BD1A-649348CD8637}.Release|Any CPU.ActiveCfg = Release|Any CPU
		{F43ED84D-2B6B-4DCA-BD1A-649348CD8637}.Release|Any CPU.Build.0 = Release|Any CPU
	EndGlobalSection
	GlobalSection(SolutionProperties) = preSolution
		HideSolutionNode = FALSE
	EndGlobalSection
	GlobalSection(ExtensibilityGlobals) = postSolution
		SolutionGuid = {210E69EE-691E-4404-A144-53041B857447}
	EndGlobalSection
EndGlobal
